
Microsoft Visual Studio Solution File, Format Version 12.00
# Visual Studio Version 17
VisualStudioVersion = 17.13.35828.75 d17.13
MinimumVisualStudioVersion = 10.0.40219.1
Project("{FAE04EC0-301F-11D3-BF4B-00C04F79EFBC}") = "MiPracticaDataFirst", "MiPracticaDataFirst\MiPracticaDataFirst.csproj", "{6B81BDA0-1135-4372-A414-D7C66F9CDF86}"
EndProject
Project("{FAE04EC0-301F-11D3-BF4B-00C04F79EFBC}") = "MiPracticaCodeFirst", "MiPracticaCodeFirst\MiPracticaCodeFirst.csproj", "{FC94A714-72D8-4069-982F-9163D9D1B7E4}"
EndProject
Global
	GlobalSection(SolutionConfigurationPlatforms) = preSolution
		Debug|Any CPU = Debug|Any CPU
		Release|Any CPU = Release|Any CPU
	EndGlobalSection
	GlobalSection(ProjectConfigurationPlatforms) = postSolution
		{6B81BDA0-1135-4372-A414-D7C66F9CDF86}.Debug|Any CPU.ActiveCfg = Debug|Any CPU
		{6B81BDA0-1135-4372-A414-D7C66F9CDF86}.Debug|Any CPU.Build.0 = Debug|Any CPU
		{6B81BDA0-1135-4372-A414-D7C66F9CDF86}.Release|Any CPU.ActiveCfg = Release|Any CPU
		{6B81BDA0-1135-4372-A414-D7C66F9CDF86}.Release|Any CPU.Build.0 = Release|Any CPU
		{FC94A714-72D8-4069-982F-9163D9D1B7E4}.Debug|Any CPU.ActiveCfg = Debug|Any CPU
		{FC94A714-72D8-4069-982F-9163D9D1B7E4}.Debug|Any CPU.Build.0 = Debug|Any CPU
		{FC94A714-72D8-4069-982F-9163D9D1B7E4}.Release|Any CPU.ActiveCfg = Release|Any CPU
		{FC94A714-72D8-4069-982F-9163D9D1B7E4}.Release|Any CPU.Build.0 = Release|Any CPU
	EndGlobalSection
	GlobalSection(SolutionProperties) = preSolution
		HideSolutionNode = FALSE
	EndGlobalSection
	GlobalSection(ExtensibilityGlobals) = postSolution
		SolutionGuid = {DB93B46E-D1E3-431C-B4AB-44F36A835A65}
	EndGlobalSection
EndGlobal
